
Microsoft Visual Studio Solution File, Format Version 12.00
# Visual Studio Version 16
VisualStudioVersion = 16.0.31424.327
MinimumVisualStudioVersion = 10.0.40219.1
Project("{FAE04EC0-301F-11D3-BF4B-00C04F79EFBC}") = "Invoice", "Invoice\Invoice.csproj", "{007C6087-4E23-4FFF-BF39-8CFB542BFC6B}"
EndProject
Global
	GlobalSection(SolutionConfigurationPlatforms) = preSolution
		Debug|Any CPU = Debug|Any CPU
		Release|Any CPU = Release|Any CPU
	EndGlobalSection
	GlobalSection(ProjectConfigurationPlatforms) = postSolution
		{007C6087-4E23-4FFF-BF39-8CFB542BFC6B}.Debug|Any CPU.ActiveCfg = Debug|Any CPU
		{007C6087-4E23-4FFF-BF39-8CFB542BFC6B}.Debug|Any CPU.Build.0 = Debug|Any CPU
		{007C6087-4E23-4FFF-BF39-8CFB542BFC6B}.Release|Any CPU.ActiveCfg = Release|Any CPU
		{007C6087-4E23-4FFF-BF39-8CFB542BFC6B}.Release|Any CPU.Build.0 = Release|Any CPU
	EndGlobalSection
	GlobalSection(SolutionProperties) = preSolution
		HideSolutionNode = FALSE
	EndGlobalSection
	GlobalSection(ExtensibilityGlobals) = postSolution
		SolutionGuid = {5737CE16-211A-4E89-90B1-1CE0AE97EFF2}
	EndGlobalSection
EndGlobal
